
Microsoft Visual Studio Solution File, Format Version 12.00
# Visual Studio Version 16
VisualStudioVersion = 16.0.28721.148
MinimumVisualStudioVersion = 10.0.40219.1
Project("{9A19103F-16F7-4668-BE54-9A1E7A4F7556}") = "AutomationRepositories", "AutomationRepositories\AutomationRepositories.csproj", "{D42D935E-85D8-4C61-AA8A-0EB0D1B5C056}"
EndProject
Project("{9A19103F-16F7-4668-BE54-9A1E7A4F7556}") = "AutomationMQTTServer", "AutomationMQTTServer\AutomationMQTTServer.csproj", "{40CD1B0D-A32F-4A24-A0FA-0D3608C78F73}"
EndProject
Project("{9A19103F-16F7-4668-BE54-9A1E7A4F7556}") = "AutomationUnitTests", "AutomationUnitTests\AutomationUnitTests.csproj", "{5C36C7C2-6447-40F5-9CBE-80ED526A0B5F}"
EndProject
Project("{9A19103F-16F7-4668-BE54-9A1E7A4F7556}") = "AutomationAPI", "AutomationAPI\AutomationAPI.csproj", "{187372B4-18C1-43FC-BE6C-7C4BE57E1E01}"
EndProject
Project("{9A19103F-16F7-4668-BE54-9A1E7A4F7556}") = "PowerStripPlugin", "PowerStripPlugin\PowerStripPlugin.csproj", "{609D70F9-F57E-4862-A9E0-DF35F1EDC95B}"
	ProjectSection(ProjectDependencies) = postProject
		{D42D935E-85D8-4C61-AA8A-0EB0D1B5C056} = {D42D935E-85D8-4C61-AA8A-0EB0D1B5C056}
	EndProjectSection
EndProject
Project("{9A19103F-16F7-4668-BE54-9A1E7A4F7556}") = "DeviceBase", "DeviceBase\DeviceBase.csproj", "{5D87344F-126F-44BB-9F60-95976DB4A78B}"
EndProject
Project("{9A19103F-16F7-4668-BE54-9A1E7A4F7556}") = "AutomationLogic", "AutomationServices\AutomationLogic.csproj", "{CACA3D0A-5ACA-4475-B20C-E4E2AB417578}"
EndProject
Project("{9A19103F-16F7-4668-BE54-9A1E7A4F7556}") = "AutomationModels", "AutomationModels\AutomationModels.csproj", "{157881D4-DD88-4936-AF3B-50A04006FFD8}"
EndProject
Global
	GlobalSection(SolutionConfigurationPlatforms) = preSolution
		Debug|Any CPU = Debug|Any CPU
		Release|Any CPU = Release|Any CPU
	EndGlobalSection
	GlobalSection(ProjectConfigurationPlatforms) = postSolution
		{D42D935E-85D8-4C61-AA8A-0EB0D1B5C056}.Debug|Any CPU.ActiveCfg = Debug|Any CPU
		{D42D935E-85D8-4C61-AA8A-0EB0D1B5C056}.Debug|Any CPU.Build.0 = Debug|Any CPU
		{D42D935E-85D8-4C61-AA8A-0EB0D1B5C056}.Release|Any CPU.ActiveCfg = Release|Any CPU
		{D42D935E-85D8-4C61-AA8A-0EB0D1B5C056}.Release|Any CPU.Build.0 = Release|Any CPU
		{40CD1B0D-A32F-4A24-A0FA-0D3608C78F73}.Debug|Any CPU.ActiveCfg = Debug|Any CPU
		{40CD1B0D-A32F-4A24-A0FA-0D3608C78F73}.Debug|Any CPU.Build.0 = Debug|Any CPU
		{40CD1B0D-A32F-4A24-A0FA-0D3608C78F73}.Release|Any CPU.ActiveCfg = Release|Any CPU
		{40CD1B0D-A32F-4A24-A0FA-0D3608C78F73}.Release|Any CPU.Build.0 = Release|Any CPU
		{5C36C7C2-6447-40F5-9CBE-80ED526A0B5F}.Debug|Any CPU.ActiveCfg = Debug|Any CPU
		{5C36C7C2-6447-40F5-9CBE-80ED526A0B5F}.Debug|Any CPU.Build.0 = Debug|Any CPU
		{5C36C7C2-6447-40F5-9CBE-80ED526A0B5F}.Release|Any CPU.ActiveCfg = Release|Any CPU
		{5C36C7C2-6447-40F5-9CBE-80ED526A0B5F}.Release|Any CPU.Build.0 = Release|Any CPU
		{187372B4-18C1-43FC-BE6C-7C4BE57E1E01}.Debug|Any CPU.ActiveCfg = Debug|Any CPU
		{187372B4-18C1-43FC-BE6C-7C4BE57E1E01}.Debug|Any CPU.Build.0 = Debug|Any CPU
		{187372B4-18C1-43FC-BE6C-7C4BE57E1E01}.Release|Any CPU.ActiveCfg = Release|Any CPU
		{187372B4-18C1-43FC-BE6C-7C4BE57E1E01}.Release|Any CPU.Build.0 = Release|Any CPU
		{609D70F9-F57E-4862-A9E0-DF35F1EDC95B}.Debug|Any CPU.ActiveCfg = Debug|Any CPU
		{609D70F9-F57E-4862-A9E0-DF35F1EDC95B}.Debug|Any CPU.Build.0 = Debug|Any CPU
		{609D70F9-F57E-4862-A9E0-DF35F1EDC95B}.Release|Any CPU.ActiveCfg = Release|Any CPU
		{609D70F9-F57E-4862-A9E0-DF35F1EDC95B}.Release|Any CPU.Build.0 = Release|Any CPU
		{5D87344F-126F-44BB-9F60-95976DB4A78B}.Debug|Any CPU.ActiveCfg = Debug|Any CPU
		{5D87344F-126F-44BB-9F60-95976DB4A78B}.Debug|Any CPU.Build.0 = Debug|Any CPU
		{5D87344F-126F-44BB-9F60-95976DB4A78B}.Release|Any CPU.ActiveCfg = Release|Any CPU
		{5D87344F-126F-44BB-9F60-95976DB4A78B}.Release|Any CPU.Build.0 = Release|Any CPU
		{CACA3D0A-5ACA-4475-B20C-E4E2AB417578}.Debug|Any CPU.ActiveCfg = Debug|Any CPU
		{CACA3D0A-5ACA-4475-B20C-E4E2AB417578}.Debug|Any CPU.Build.0 = Debug|Any CPU
		{CACA3D0A-5ACA-4475-B20C-E4E2AB417578}.Release|Any CPU.ActiveCfg = Release|Any CPU
		{CACA3D0A-5ACA-4475-B20C-E4E2AB417578}.Release|Any CPU.Build.0 = Release|Any CPU
		{157881D4-DD88-4936-AF3B-50A04006FFD8}.Debug|Any CPU.ActiveCfg = Debug|Any CPU
		{157881D4-DD88-4936-AF3B-50A04006FFD8}.Debug|Any CPU.Build.0 = Debug|Any CPU
		{157881D4-DD88-4936-AF3B-50A04006FFD8}.Release|Any CPU.ActiveCfg = Release|Any CPU
		{157881D4-DD88-4936-AF3B-50A04006FFD8}.Release|Any CPU.Build.0 = Release|Any CPU
	EndGlobalSection
	GlobalSection(SolutionProperties) = preSolution
		HideSolutionNode = FALSE
	EndGlobalSection
	GlobalSection(ExtensibilityGlobals) = postSolution
		SolutionGuid = {C67C9FFD-7701-43CF-85B6-2B4DA8F11790}
	EndGlobalSection
EndGlobal
