
Microsoft Visual Studio Solution File, Format Version 12.00
# Visual Studio Version 16
VisualStudioVersion = 16.0.28721.148
MinimumVisualStudioVersion = 10.0.40219.1
Project("{9A19103F-16F7-4668-BE54-9A1E7A4F7556}") = "AutomationRepositories", "AutomationRepositories\AutomationRepositories.csproj", "{0E33226B-3A94-42A5-9C49-AC7792E7D06D}"
EndProject
Project("{9A19103F-16F7-4668-BE54-9A1E7A4F7556}") = "PowerStripPlugin", "PowerStripPlugin\PowerStripPlugin.csproj", "{A93E1A45-8370-4461-BC11-506D5C707B97}"
	ProjectSection(ProjectDependencies) = postProject
		{0E33226B-3A94-42A5-9C49-AC7792E7D06D} = {0E33226B-3A94-42A5-9C49-AC7792E7D06D}
	EndProjectSection
EndProject
Project("{9A19103F-16F7-4668-BE54-9A1E7A4F7556}") = "AutomationModels", "AutomationModels\AutomationModels.csproj", "{88A16A37-11AC-4A65-9748-234BE5F75DF2}"
EndProject
Project("{9A19103F-16F7-4668-BE54-9A1E7A4F7556}") = "AutomationWebApi", "AutomationWebApi\AutomationWebApi.csproj", "{962E8E5C-0907-4767-96C0-263A540F129A}"
EndProject
Project("{9A19103F-16F7-4668-BE54-9A1E7A4F7556}") = "AutomationLogic", "AutomationLogic\AutomationLogic.csproj", "{FDAE94B3-E08B-40D2-A1B1-67D966F6B3DF}"
EndProject
Project("{9A19103F-16F7-4668-BE54-9A1E7A4F7556}") = "Abstractions", "Abstractions\Abstractions.csproj", "{5DB9B019-EFF3-4B2B-8B9F-FE5243E41EE3}"
EndProject
Project("{2150E333-8FDC-42A3-9474-1A3956D46DE8}") = "Tests", "Tests", "{2DD334C1-AFDC-48B9-8FD9-FC8D46E7C9F8}"
EndProject
Project("{9A19103F-16F7-4668-BE54-9A1E7A4F7556}") = "AutomationLogic.Tests", "Tests\AutomationLogic.Tests\AutomationLogic.Tests.csproj", "{939E23E8-1F8F-4017-BF55-D0F8D497DED1}"
EndProject
Project("{9A19103F-16F7-4668-BE54-9A1E7A4F7556}") = "AutomationRepositories.Tests", "Tests\AutomationRepositories.Tests\AutomationRepositories.Tests.csproj", "{1B093F8C-5AC9-4CB3-9427-C91DABF82691}"
EndProject
Project("{2150E333-8FDC-42A3-9474-1A3956D46DE8}") = "Scripts", "Scripts", "{0C0F546E-044F-402F-A399-7F21FF4AB7B2}"
	ProjectSection(SolutionItems) = preProject
		InstallPlugins.ps1 = InstallPlugins.ps1
	EndProjectSection
EndProject
Project("{9A19103F-16F7-4668-BE54-9A1E7A4F7556}") = "AutomationWebApi.Tests", "Tests\AutomationWebApi.Tests\AutomationWebApi.Tests.csproj", "{50465D6B-D58F-41D1-A303-677995D44839}"
EndProject
Project("{9A19103F-16F7-4668-BE54-9A1E7A4F7556}") = "AutomationUI.Tests", "Tests\AutomationUI.Tests\AutomationUI.Tests.csproj", "{59B4AA70-7124-42B1-90A5-97D92F427DD4}"
EndProject
Project("{9A19103F-16F7-4668-BE54-9A1E7A4F7556}") = "PowerStripPluginTests", "Tests\PowerStripPluginTests\PowerStripPluginTests.csproj", "{8DC7ACB4-8026-4AA5-8677-7922746AD426}"
EndProject
Project("{9A19103F-16F7-4668-BE54-9A1E7A4F7556}") = "AutomationIntegrationTests", "Tests\AutomationIntegrationTests\AutomationIntegrationTests.csproj", "{9590FE77-1882-47C9-98B9-9E0798EA84AA}"
EndProject
Project("{9A19103F-16F7-4668-BE54-9A1E7A4F7556}") = "AutomationBlazorUI.Client", "AutomationBlazorUI\Client\AutomationBlazorUI.Client.csproj", "{D1ACECFE-FEF8-4487-B4FB-E1557C3378CF}"
EndProject
Global
	GlobalSection(SolutionConfigurationPlatforms) = preSolution
		Debug|Any CPU = Debug|Any CPU
		Release|Any CPU = Release|Any CPU
	EndGlobalSection
	GlobalSection(ProjectConfigurationPlatforms) = postSolution
		{0E33226B-3A94-42A5-9C49-AC7792E7D06D}.Debug|Any CPU.ActiveCfg = Debug|Any CPU
		{0E33226B-3A94-42A5-9C49-AC7792E7D06D}.Debug|Any CPU.Build.0 = Debug|Any CPU
		{0E33226B-3A94-42A5-9C49-AC7792E7D06D}.Release|Any CPU.ActiveCfg = Release|Any CPU
		{0E33226B-3A94-42A5-9C49-AC7792E7D06D}.Release|Any CPU.Build.0 = Release|Any CPU
		{A93E1A45-8370-4461-BC11-506D5C707B97}.Debug|Any CPU.ActiveCfg = Debug|Any CPU
		{A93E1A45-8370-4461-BC11-506D5C707B97}.Debug|Any CPU.Build.0 = Debug|Any CPU
		{A93E1A45-8370-4461-BC11-506D5C707B97}.Release|Any CPU.ActiveCfg = Release|Any CPU
		{A93E1A45-8370-4461-BC11-506D5C707B97}.Release|Any CPU.Build.0 = Release|Any CPU
		{88A16A37-11AC-4A65-9748-234BE5F75DF2}.Debug|Any CPU.ActiveCfg = Debug|Any CPU
		{88A16A37-11AC-4A65-9748-234BE5F75DF2}.Debug|Any CPU.Build.0 = Debug|Any CPU
		{88A16A37-11AC-4A65-9748-234BE5F75DF2}.Release|Any CPU.ActiveCfg = Release|Any CPU
		{88A16A37-11AC-4A65-9748-234BE5F75DF2}.Release|Any CPU.Build.0 = Release|Any CPU
		{962E8E5C-0907-4767-96C0-263A540F129A}.Debug|Any CPU.ActiveCfg = Debug|Any CPU
		{962E8E5C-0907-4767-96C0-263A540F129A}.Debug|Any CPU.Build.0 = Debug|Any CPU
		{962E8E5C-0907-4767-96C0-263A540F129A}.Release|Any CPU.ActiveCfg = Release|Any CPU
		{962E8E5C-0907-4767-96C0-263A540F129A}.Release|Any CPU.Build.0 = Release|Any CPU
		{FDAE94B3-E08B-40D2-A1B1-67D966F6B3DF}.Debug|Any CPU.ActiveCfg = Debug|Any CPU
		{FDAE94B3-E08B-40D2-A1B1-67D966F6B3DF}.Debug|Any CPU.Build.0 = Debug|Any CPU
		{FDAE94B3-E08B-40D2-A1B1-67D966F6B3DF}.Release|Any CPU.ActiveCfg = Release|Any CPU
		{FDAE94B3-E08B-40D2-A1B1-67D966F6B3DF}.Release|Any CPU.Build.0 = Release|Any CPU
		{5DB9B019-EFF3-4B2B-8B9F-FE5243E41EE3}.Debug|Any CPU.ActiveCfg = Debug|Any CPU
		{5DB9B019-EFF3-4B2B-8B9F-FE5243E41EE3}.Debug|Any CPU.Build.0 = Debug|Any CPU
		{5DB9B019-EFF3-4B2B-8B9F-FE5243E41EE3}.Release|Any CPU.ActiveCfg = Release|Any CPU
		{5DB9B019-EFF3-4B2B-8B9F-FE5243E41EE3}.Release|Any CPU.Build.0 = Release|Any CPU
		{939E23E8-1F8F-4017-BF55-D0F8D497DED1}.Debug|Any CPU.ActiveCfg = Debug|Any CPU
		{939E23E8-1F8F-4017-BF55-D0F8D497DED1}.Debug|Any CPU.Build.0 = Debug|Any CPU
		{939E23E8-1F8F-4017-BF55-D0F8D497DED1}.Release|Any CPU.ActiveCfg = Release|Any CPU
		{939E23E8-1F8F-4017-BF55-D0F8D497DED1}.Release|Any CPU.Build.0 = Release|Any CPU
		{1B093F8C-5AC9-4CB3-9427-C91DABF82691}.Debug|Any CPU.ActiveCfg = Debug|Any CPU
		{1B093F8C-5AC9-4CB3-9427-C91DABF82691}.Debug|Any CPU.Build.0 = Debug|Any CPU
		{1B093F8C-5AC9-4CB3-9427-C91DABF82691}.Release|Any CPU.ActiveCfg = Release|Any CPU
		{1B093F8C-5AC9-4CB3-9427-C91DABF82691}.Release|Any CPU.Build.0 = Release|Any CPU
		{50465D6B-D58F-41D1-A303-677995D44839}.Debug|Any CPU.ActiveCfg = Debug|Any CPU
		{50465D6B-D58F-41D1-A303-677995D44839}.Debug|Any CPU.Build.0 = Debug|Any CPU
		{50465D6B-D58F-41D1-A303-677995D44839}.Release|Any CPU.ActiveCfg = Release|Any CPU
		{50465D6B-D58F-41D1-A303-677995D44839}.Release|Any CPU.Build.0 = Release|Any CPU
		{59B4AA70-7124-42B1-90A5-97D92F427DD4}.Debug|Any CPU.ActiveCfg = Debug|Any CPU
		{59B4AA70-7124-42B1-90A5-97D92F427DD4}.Debug|Any CPU.Build.0 = Debug|Any CPU
		{59B4AA70-7124-42B1-90A5-97D92F427DD4}.Release|Any CPU.ActiveCfg = Release|Any CPU
		{59B4AA70-7124-42B1-90A5-97D92F427DD4}.Release|Any CPU.Build.0 = Release|Any CPU
		{8DC7ACB4-8026-4AA5-8677-7922746AD426}.Debug|Any CPU.ActiveCfg = Debug|Any CPU
		{8DC7ACB4-8026-4AA5-8677-7922746AD426}.Debug|Any CPU.Build.0 = Debug|Any CPU
		{8DC7ACB4-8026-4AA5-8677-7922746AD426}.Release|Any CPU.ActiveCfg = Release|Any CPU
		{8DC7ACB4-8026-4AA5-8677-7922746AD426}.Release|Any CPU.Build.0 = Release|Any CPU
		{9590FE77-1882-47C9-98B9-9E0798EA84AA}.Debug|Any CPU.ActiveCfg = Debug|Any CPU
		{9590FE77-1882-47C9-98B9-9E0798EA84AA}.Debug|Any CPU.Build.0 = Debug|Any CPU
		{9590FE77-1882-47C9-98B9-9E0798EA84AA}.Release|Any CPU.ActiveCfg = Release|Any CPU
		{9590FE77-1882-47C9-98B9-9E0798EA84AA}.Release|Any CPU.Build.0 = Release|Any CPU
		{D1ACECFE-FEF8-4487-B4FB-E1557C3378CF}.Debug|Any CPU.ActiveCfg = Debug|Any CPU
		{D1ACECFE-FEF8-4487-B4FB-E1557C3378CF}.Debug|Any CPU.Build.0 = Debug|Any CPU
		{D1ACECFE-FEF8-4487-B4FB-E1557C3378CF}.Release|Any CPU.ActiveCfg = Release|Any CPU
		{D1ACECFE-FEF8-4487-B4FB-E1557C3378CF}.Release|Any CPU.Build.0 = Release|Any CPU
	EndGlobalSection
	GlobalSection(SolutionProperties) = preSolution
		HideSolutionNode = FALSE
	EndGlobalSection
	GlobalSection(NestedProjects) = preSolution
		{939E23E8-1F8F-4017-BF55-D0F8D497DED1} = {2DD334C1-AFDC-48B9-8FD9-FC8D46E7C9F8}
		{1B093F8C-5AC9-4CB3-9427-C91DABF82691} = {2DD334C1-AFDC-48B9-8FD9-FC8D46E7C9F8}
		{50465D6B-D58F-41D1-A303-677995D44839} = {2DD334C1-AFDC-48B9-8FD9-FC8D46E7C9F8}
		{59B4AA70-7124-42B1-90A5-97D92F427DD4} = {2DD334C1-AFDC-48B9-8FD9-FC8D46E7C9F8}
		{8DC7ACB4-8026-4AA5-8677-7922746AD426} = {2DD334C1-AFDC-48B9-8FD9-FC8D46E7C9F8}
		{9590FE77-1882-47C9-98B9-9E0798EA84AA} = {2DD334C1-AFDC-48B9-8FD9-FC8D46E7C9F8}
	EndGlobalSection
	GlobalSection(ExtensibilityGlobals) = postSolution
		SolutionGuid = {C67C9FFD-7701-43CF-85B6-2B4DA8F11790}
	EndGlobalSection
EndGlobal
